// !$*UTF8*$!
{
	archiveVersion = 1;
	classes = {
	};
	objectVersion = 50;
	objects = {

/* Begin PBXBuildFile section */
		3A56CA8720F9F0B10076FD51 /* RenderMechanism.swift in Sources */ = {isa = PBXBuildFile; fileRef = 3A56CA8620F9F0B10076FD51 /* RenderMechanism.swift */; };
		3A8C93A420F895EC005D5BD1 /* AppDelegate.swift in Sources */ = {isa = PBXBuildFile; fileRef = 3A8C93A320F895EC005D5BD1 /* AppDelegate.swift */; };
		3A8C93A620F895EC005D5BD1 /* ViewController.swift in Sources */ = {isa = PBXBuildFile; fileRef = 3A8C93A520F895EC005D5BD1 /* ViewController.swift */; };
		3A8C93A920F895EC005D5BD1 /* Main.storyboard in Resources */ = {isa = PBXBuildFile; fileRef = 3A8C93A720F895EC005D5BD1 /* Main.storyboard */; };
		3A8C93AB20F895EE005D5BD1 /* Assets.xcassets in Resources */ = {isa = PBXBuildFile; fileRef = 3A8C93AA20F895EE005D5BD1 /* Assets.xcassets */; };
		3A8C93AE20F895EE005D5BD1 /* LaunchScreen.storyboard in Resources */ = {isa = PBXBuildFile; fileRef = 3A8C93AC20F895EE005D5BD1 /* LaunchScreen.storyboard */; };
		3A8C93B620F89658005D5BD1 /* StorageProperties.swift in Sources */ = {isa = PBXBuildFile; fileRef = 3A8C93B520F89658005D5BD1 /* StorageProperties.swift */; };
		3AE220E920FB276200FC80E3 /* CGMathExtension.swift in Sources */ = {isa = PBXBuildFile; fileRef = 3AE220E820FB276200FC80E3 /* CGMathExtension.swift */; };
		3AE3EBDE20F9BE1A00788BF1 /* StrokeGestureRecognizer.swift in Sources */ = {isa = PBXBuildFile; fileRef = 3AE3EBDD20F9BE1A00788BF1 /* StrokeGestureRecognizer.swift */; };
/* End PBXBuildFile section */

/* Begin PBXFileReference section */
		3A56CA8620F9F0B10076FD51 /* RenderMechanism.swift */ = {isa = PBXFileReference; lastKnownFileType = sourcecode.swift; path = RenderMechanism.swift; sourceTree = "<group>"; };
		3A8C93A020F895EC005D5BD1 /* Art Pieces.app */ = {isa = PBXFileReference; explicitFileType = wrapper.application; includeInIndex = 0; path = "Art Pieces.app"; sourceTree = BUILT_PRODUCTS_DIR; };
		3A8C93A320F895EC005D5BD1 /* AppDelegate.swift */ = {isa = PBXFileReference; lastKnownFileType = sourcecode.swift; path = AppDelegate.swift; sourceTree = "<group>"; };
		3A8C93A520F895EC005D5BD1 /* ViewController.swift */ = {isa = PBXFileReference; lastKnownFileType = sourcecode.swift; path = ViewController.swift; sourceTree = "<group>"; };
		3A8C93A820F895EC005D5BD1 /* Base */ = {isa = PBXFileReference; lastKnownFileType = file.storyboard; name = Base; path = Base.lproj/Main.storyboard; sourceTree = "<group>"; };
		3A8C93AA20F895EE005D5BD1 /* Assets.xcassets */ = {isa = PBXFileReference; lastKnownFileType = folder.assetcatalog; path = Assets.xcassets; sourceTree = "<group>"; };
		3A8C93AD20F895EE005D5BD1 /* Base */ = {isa = PBXFileReference; lastKnownFileType = file.storyboard; name = Base; path = Base.lproj/LaunchScreen.storyboard; sourceTree = "<group>"; };
		3A8C93AF20F895EE005D5BD1 /* Info.plist */ = {isa = PBXFileReference; lastKnownFileType = text.plist.xml; path = Info.plist; sourceTree = "<group>"; };
		3A8C93B520F89658005D5BD1 /* StorageProperties.swift */ = {isa = PBXFileReference; lastKnownFileType = sourcecode.swift; path = StorageProperties.swift; sourceTree = "<group>"; };
		3AE220E820FB276200FC80E3 /* CGMathExtension.swift */ = {isa = PBXFileReference; lastKnownFileType = sourcecode.swift; path = CGMathExtension.swift; sourceTree = "<group>"; };
		3AE3EBDD20F9BE1A00788BF1 /* StrokeGestureRecognizer.swift */ = {isa = PBXFileReference; lastKnownFileType = sourcecode.swift; path = StrokeGestureRecognizer.swift; sourceTree = "<group>"; };
/* End PBXFileReference section */

/* Begin PBXFrameworksBuildPhase section */
		3A8C939D20F895EC005D5BD1 /* Frameworks */ = {
			isa = PBXFrameworksBuildPhase;
			buildActionMask = 2147483647;
			files = (
			);
			runOnlyForDeploymentPostprocessing = 0;
		};
/* End PBXFrameworksBuildPhase section */

/* Begin PBXGroup section */
		3A8C939720F895EC005D5BD1 = {
			isa = PBXGroup;
			children = (
				3A8C93A220F895EC005D5BD1 /* Art Pieces */,
				3A8C93A120F895EC005D5BD1 /* Products */,
			);
			sourceTree = "<group>";
		};
		3A8C93A120F895EC005D5BD1 /* Products */ = {
			isa = PBXGroup;
			children = (
				3A8C93A020F895EC005D5BD1 /* Art Pieces.app */,
			);
			name = Products;
			sourceTree = "<group>";
		};
		3A8C93A220F895EC005D5BD1 /* Art Pieces */ = {
			isa = PBXGroup;
			children = (
				3A8C93A320F895EC005D5BD1 /* AppDelegate.swift */,
				3A8C93A520F895EC005D5BD1 /* ViewController.swift */,
				3A8C93A720F895EC005D5BD1 /* Main.storyboard */,
				3A8C93B520F89658005D5BD1 /* StorageProperties.swift */,
				3A56CA8620F9F0B10076FD51 /* RenderMechanism.swift */,
				3AE3EBDD20F9BE1A00788BF1 /* StrokeGestureRecognizer.swift */,
				3AE220E820FB276200FC80E3 /* CGMathExtension.swift */,
				3A8C93AA20F895EE005D5BD1 /* Assets.xcassets */,
				3A8C93AC20F895EE005D5BD1 /* LaunchScreen.storyboard */,
				3A8C93AF20F895EE005D5BD1 /* Info.plist */,
			);
			path = "Art Pieces";
			sourceTree = "<group>";
		};
/* End PBXGroup section */

/* Begin PBXNativeTarget section */
		3A8C939F20F895EC005D5BD1 /* Art Pieces */ = {
			isa = PBXNativeTarget;
			buildConfigurationList = 3A8C93B220F895EE005D5BD1 /* Build configuration list for PBXNativeTarget "Art Pieces" */;
			buildPhases = (
				3A8C939C20F895EC005D5BD1 /* Sources */,
				3A8C939D20F895EC005D5BD1 /* Frameworks */,
				3A8C939E20F895EC005D5BD1 /* Resources */,
			);
			buildRules = (
			);
			dependencies = (
			);
			name = "Art Pieces";
			productName = "Art Pieces";
			productReference = 3A8C93A020F895EC005D5BD1 /* Art Pieces.app */;
			productType = "com.apple.product-type.application";
		};
/* End PBXNativeTarget section */

/* Begin PBXProject section */
		3A8C939820F895EC005D5BD1 /* Project object */ = {
			isa = PBXProject;
			attributes = {
				LastSwiftUpdateCheck = 1000;
				LastUpgradeCheck = 1000;
				ORGANIZATIONNAME = "李灿晨";
				TargetAttributes = {
					3A8C939F20F895EC005D5BD1 = {
						CreatedOnToolsVersion = 10.0;
					};
				};
			};
			buildConfigurationList = 3A8C939B20F895EC005D5BD1 /* Build configuration list for PBXProject "Art Pieces" */;
			compatibilityVersion = "Xcode 9.3";
			developmentRegion = en;
			hasScannedForEncodings = 0;
			knownRegions = (
				en,
				Base,
			);
			mainGroup = 3A8C939720F895EC005D5BD1;
			productRefGroup = 3A8C93A120F895EC005D5BD1 /* Products */;
			projectDirPath = "";
			projectRoot = "";
			targets = (
				3A8C939F20F895EC005D5BD1 /* Art Pieces */,
			);
		};
/* End PBXProject section */

/* Begin PBXResourcesBuildPhase section */
		3A8C939E20F895EC005D5BD1 /* Resources */ = {
			isa = PBXResourcesBuildPhase;
			buildActionMask = 2147483647;
			files = (
				3A8C93AE20F895EE005D5BD1 /* LaunchScreen.storyboard in Resources */,
				3A8C93AB20F895EE005D5BD1 /* Assets.xcassets in Resources */,
				3A8C93A920F895EC005D5BD1 /* Main.storyboard in Resources */,
			);
			runOnlyForDeploymentPostprocessing = 0;
		};
/* End PBXResourcesBuildPhase section */

/* Begin PBXSourcesBuildPhase section */
		3A8C939C20F895EC005D5BD1 /* Sources */ = {
			isa = PBXSourcesBuildPhase;
			buildActionMask = 2147483647;
			files = (
				3A8C93A620F895EC005D5BD1 /* ViewController.swift in Sources */,
				3A8C93A420F895EC005D5BD1 /* AppDelegate.swift in Sources */,
				3A56CA8720F9F0B10076FD51 /* RenderMechanism.swift in Sources */,
				3AE220E920FB276200FC80E3 /* CGMathExtension.swift in Sources */,
				3A8C93B620F89658005D5BD1 /* StorageProperties.swift in Sources */,
				3AE3EBDE20F9BE1A00788BF1 /* StrokeGestureRecognizer.swift in Sources */,
			);
			runOnlyForDeploymentPostprocessing = 0;
		};
/* End PBXSourcesBuildPhase section */

/* Begin PBXVariantGroup section */
		3A8C93A720F895EC005D5BD1 /* Main.storyboard */ = {
			isa = PBXVariantGroup;
			children = (
				3A8C93A820F895EC005D5BD1 /* Base */,
			);
			name = Main.storyboard;
			sourceTree = "<group>";
		};
		3A8C93AC20F895EE005D5BD1 /* LaunchScreen.storyboard */ = {
			isa = PBXVariantGroup;
			children = (
				3A8C93AD20F895EE005D5BD1 /* Base */,
			);
			name = LaunchScreen.storyboard;
			sourceTree = "<group>";
		};
/* End PBXVariantGroup section */

/* Begin XCBuildConfiguration section */
		3A8C93B020F895EE005D5BD1 /* Debug */ = {
			isa = XCBuildConfiguration;
			buildSettings = {
				ALWAYS_SEARCH_USER_PATHS = NO;
				CLANG_ANALYZER_NONNULL = YES;
				CLANG_ANALYZER_NUMBER_OBJECT_CONVERSION = YES_AGGRESSIVE;
				CLANG_CXX_LANGUAGE_STANDARD = "gnu++14";
				CLANG_CXX_LIBRARY = "libc++";
				CLANG_ENABLE_MODULES = YES;
				CLANG_ENABLE_OBJC_ARC = YES;
				CLANG_ENABLE_OBJC_WEAK = YES;
				CLANG_WARN_BLOCK_CAPTURE_AUTORELEASING = YES;
				CLANG_WARN_BOOL_CONVERSION = YES;
				CLANG_WARN_COMMA = YES;
				CLANG_WARN_CONSTANT_CONVERSION = YES;
				CLANG_WARN_DEPRECATED_OBJC_IMPLEMENTATIONS = YES;
				CLANG_WARN_DIRECT_OBJC_ISA_USAGE = YES_ERROR;
				CLANG_WARN_DOCUMENTATION_COMMENTS = YES;
				CLANG_WARN_EMPTY_BODY = YES;
				CLANG_WARN_ENUM_CONVERSION = YES;
				CLANG_WARN_INFINITE_RECURSION = YES;
				CLANG_WARN_INT_CONVERSION = YES;
				CLANG_WARN_NON_LITERAL_NULL_CONVERSION = YES;
				CLANG_WARN_OBJC_IMPLICIT_RETAIN_SELF = YES;
				CLANG_WARN_OBJC_LITERAL_CONVERSION = YES;
				CLANG_WARN_OBJC_ROOT_CLASS = YES_ERROR;
				CLANG_WARN_RANGE_LOOP_ANALYSIS = YES;
				CLANG_WARN_STRICT_PROTOTYPES = YES;
				CLANG_WARN_SUSPICIOUS_MOVE = YES;
				CLANG_WARN_UNGUARDED_AVAILABILITY = YES_AGGRESSIVE;
				CLANG_WARN_UNREACHABLE_CODE = YES;
				CLANG_WARN__DUPLICATE_METHOD_MATCH = YES;
				CODE_SIGN_IDENTITY = "iPhone Developer";
				COPY_PHASE_STRIP = NO;
				DEBUG_INFORMATION_FORMAT = dwarf;
				ENABLE_STRICT_OBJC_MSGSEND = YES;
				ENABLE_TESTABILITY = YES;
				GCC_C_LANGUAGE_STANDARD = gnu11;
				GCC_DYNAMIC_NO_PIC = NO;
				GCC_NO_COMMON_BLOCKS = YES;
				GCC_OPTIMIZATION_LEVEL = 0;
				GCC_PREPROCESSOR_DEFINITIONS = (
					"DEBUG=1",
					"$(inherited)",
				);
				GCC_WARN_64_TO_32_BIT_CONVERSION = YES;
				GCC_WARN_ABOUT_RETURN_TYPE = YES_ERROR;
				GCC_WARN_UNDECLARED_SELECTOR = YES;
				GCC_WARN_UNINITIALIZED_AUTOS = YES_AGGRESSIVE;
				GCC_WARN_UNUSED_FUNCTION = YES;
				GCC_WARN_UNUSED_VARIABLE = YES;
				IPHONEOS_DEPLOYMENT_TARGET = 12.0;
				MTL_ENABLE_DEBUG_INFO = INCLUDE_SOURCE;
				MTL_FAST_MATH = YES;
				ONLY_ACTIVE_ARCH = YES;
				SDKROOT = iphoneos;
				SWIFT_ACTIVE_COMPILATION_CONDITIONS = DEBUG;
				SWIFT_OPTIMIZATION_LEVEL = "-Onone";
			};
			name = Debug;
		};
		3A8C93B120F895EE005D5BD1 /* Release */ = {
			isa = XCBuildConfiguration;
			buildSettings = {
				ALWAYS_SEARCH_USER_PATHS = NO;
				CLANG_ANALYZER_NONNULL = YES;
				CLANG_ANALYZER_NUMBER_OBJECT_CONVERSION = YES_AGGRESSIVE;
				CLANG_CXX_LANGUAGE_STANDARD = "gnu++14";
				CLANG_CXX_LIBRARY = "libc++";
				CLANG_ENABLE_MODULES = YES;
				CLANG_ENABLE_OBJC_ARC = YES;
				CLANG_ENABLE_OBJC_WEAK = YES;
				CLANG_WARN_BLOCK_CAPTURE_AUTORELEASING = YES;
				CLANG_WARN_BOOL_CONVERSION = YES;
				CLANG_WARN_COMMA = YES;
				CLANG_WARN_CONSTANT_CONVERSION = YES;
				CLANG_WARN_DEPRECATED_OBJC_IMPLEMENTATIONS = YES;
				CLANG_WARN_DIRECT_OBJC_ISA_USAGE = YES_ERROR;
				CLANG_WARN_DOCUMENTATION_COMMENTS = YES;
				CLANG_WARN_EMPTY_BODY = YES;
				CLANG_WARN_ENUM_CONVERSION = YES;
				CLANG_WARN_INFINITE_RECURSION = YES;
				CLANG_WARN_INT_CONVERSION = YES;
				CLANG_WARN_NON_LITERAL_NULL_CONVERSION = YES;
				CLANG_WARN_OBJC_IMPLICIT_RETAIN_SELF = YES;
				CLANG_WARN_OBJC_LITERAL_CONVERSION = YES;
				CLANG_WARN_OBJC_ROOT_CLASS = YES_ERROR;
				CLANG_WARN_RANGE_LOOP_ANALYSIS = YES;
				CLANG_WARN_STRICT_PROTOTYPES = YES;
				CLANG_WARN_SUSPICIOUS_MOVE = YES;
				CLANG_WARN_UNGUARDED_AVAILABILITY = YES_AGGRESSIVE;
				CLANG_WARN_UNREACHABLE_CODE = YES;
				CLANG_WARN__DUPLICATE_METHOD_MATCH = YES;
				CODE_SIGN_IDENTITY = "iPhone Developer";
				COPY_PHASE_STRIP = NO;
				DEBUG_INFORMATION_FORMAT = "dwarf-with-dsym";
				ENABLE_NS_ASSERTIONS = NO;
				ENABLE_STRICT_OBJC_MSGSEND = YES;
				GCC_C_LANGUAGE_STANDARD = gnu11;
				GCC_NO_COMMON_BLOCKS = YES;
				GCC_WARN_64_TO_32_BIT_CONVERSION = YES;
				GCC_WARN_ABOUT_RETURN_TYPE = YES_ERROR;
				GCC_WARN_UNDECLARED_SELECTOR = YES;
				GCC_WARN_UNINITIALIZED_AUTOS = YES_AGGRESSIVE;
				GCC_WARN_UNUSED_FUNCTION = YES;
				GCC_WARN_UNUSED_VARIABLE = YES;
				IPHONEOS_DEPLOYMENT_TARGET = 12.0;
				MTL_ENABLE_DEBUG_INFO = NO;
				MTL_FAST_MATH = YES;
				SDKROOT = iphoneos;
				SWIFT_COMPILATION_MODE = wholemodule;
				SWIFT_OPTIMIZATION_LEVEL = "-O";
				VALIDATE_PRODUCT = YES;
			};
			name = Release;
		};
		3A8C93B320F895EE005D5BD1 /* Debug */ = {
			isa = XCBuildConfiguration;
			buildSettings = {
				ASSETCATALOG_COMPILER_APPICON_NAME = AppIcon;
				CODE_SIGN_STYLE = Automatic;
				DEVELOPMENT_TEAM = 4C47ZVS5JD;
				INFOPLIST_FILE = "Art Pieces/Info.plist";
				LD_RUNPATH_SEARCH_PATHS = (
					"$(inherited)",
					"@executable_path/Frameworks",
				);
				PRODUCT_BUNDLE_IDENTIFIER = "com.HyperTeam.Art-Pieces";
				PRODUCT_NAME = "$(TARGET_NAME)";
				SWIFT_VERSION = 4.2;
				TARGETED_DEVICE_FAMILY = 2;
			};
			name = Debug;
		};
		3A8C93B420F895EE005D5BD1 /* Release */ = {
			isa = XCBuildConfiguration;
			buildSettings = {
				ASSETCATALOG_COMPILER_APPICON_NAME = AppIcon;
				CODE_SIGN_STYLE = Automatic;
				DEVELOPMENT_TEAM = 4C47ZVS5JD;
				INFOPLIST_FILE = "Art Pieces/Info.plist";
				LD_RUNPATH_SEARCH_PATHS = (
					"$(inherited)",
					"@executable_path/Frameworks",
				);
				PRODUCT_BUNDLE_IDENTIFIER = "com.HyperTeam.Art-Pieces";
				PRODUCT_NAME = "$(TARGET_NAME)";
				SWIFT_VERSION = 4.2;
				TARGETED_DEVICE_FAMILY = 2;
			};
			name = Release;
		};
/* End XCBuildConfiguration section */

/* Begin XCConfigurationList section */
		3A8C939B20F895EC005D5BD1 /* Build configuration list for PBXProject "Art Pieces" */ = {
			isa = XCConfigurationList;
			buildConfigurations = (
				3A8C93B020F895EE005D5BD1 /* Debug */,
				3A8C93B120F895EE005D5BD1 /* Release */,
			);
			defaultConfigurationIsVisible = 0;
			defaultConfigurationName = Release;
		};
		3A8C93B220F895EE005D5BD1 /* Build configuration list for PBXNativeTarget "Art Pieces" */ = {
			isa = XCConfigurationList;
			buildConfigurations = (
				3A8C93B320F895EE005D5BD1 /* Debug */,
				3A8C93B420F895EE005D5BD1 /* Release */,
			);
			defaultConfigurationIsVisible = 0;
			defaultConfigurationName = Release;
		};
/* End XCConfigurationList section */
	};
	rootObject = 3A8C939820F895EC005D5BD1 /* Project object */;
}
